
Microsoft Visual Studio Solution File, Format Version 11.00
# Visual Studio 2010
Project("{FAE04EC0-301F-11D3-BF4B-00C04F79EFBC}") = "NHibernate.Validator.Demo.NHI", "NHibernate.Validator.Demo.NHI\NHibernate.Validator.Demo.NHI.csproj", "{87D14A6E-AA14-46EA-A364-1146713671F6}"
EndProject
Project("{FAE04EC0-301F-11D3-BF4B-00C04F79EFBC}") = "NHibernate.Validator.Demo.Model", "NHibernate.Validator.Demo.Model\NHibernate.Validator.Demo.Model.csproj", "{363B2AB7-7C5E-4B21-84E4-9F30BCF48314}"
EndProject
Global
	GlobalSection(SolutionConfigurationPlatforms) = preSolution
		Debug|Any CPU = Debug|Any CPU
		Release|Any CPU = Release|Any CPU
	EndGlobalSection
	GlobalSection(ProjectConfigurationPlatforms) = postSolution
		{87D14A6E-AA14-46EA-A364-1146713671F6}.Debug|Any CPU.ActiveCfg = Debug|Any CPU
		{87D14A6E-AA14-46EA-A364-1146713671F6}.Debug|Any CPU.Build.0 = Debug|Any CPU
		{87D14A6E-AA14-46EA-A364-1146713671F6}.Release|Any CPU.ActiveCfg = Release|Any CPU
		{87D14A6E-AA14-46EA-A364-1146713671F6}.Release|Any CPU.Build.0 = Release|Any CPU
		{363B2AB7-7C5E-4B21-84E4-9F30BCF48314}.Debug|Any CPU.ActiveCfg = Debug|Any CPU
		{363B2AB7-7C5E-4B21-84E4-9F30BCF48314}.Debug|Any CPU.Build.0 = Debug|Any CPU
		{363B2AB7-7C5E-4B21-84E4-9F30BCF48314}.Release|Any CPU.ActiveCfg = Release|Any CPU
		{363B2AB7-7C5E-4B21-84E4-9F30BCF48314}.Release|Any CPU.Build.0 = Release|Any CPU
	EndGlobalSection
	GlobalSection(SolutionProperties) = preSolution
		HideSolutionNode = FALSE
	EndGlobalSection
EndGlobal
